
Microsoft Visual Studio Solution File, Format Version 12.00
# Visual Studio Version 17
VisualStudioVersion = 17.8.34322.80
MinimumVisualStudioVersion = 10.0.40219.1
Project("{9A19103F-16F7-4668-BE54-9A1E7A4F7556}") = "Entities", "Entities\Entities.csproj", "{FD14DFCD-EF32-43A3-AFFA-BE90AA4BB5E9}"
EndProject
Project("{9A19103F-16F7-4668-BE54-9A1E7A4F7556}") = "Business", "Business\Business.csproj", "{D996B38B-D965-4EA9-9A47-8AF5AB20EB8F}"
EndProject
Project("{9A19103F-16F7-4668-BE54-9A1E7A4F7556}") = "DataAccess", "DataAccess\DataAccess.csproj", "{009CC7E2-A187-4604-88BF-9BAF84454858}"
EndProject
Project("{9A19103F-16F7-4668-BE54-9A1E7A4F7556}") = "Core", "Core\Core.csproj", "{49942324-1CA6-4AF6-8344-C3CEDEE55B7E}"
EndProject
Project("{9A19103F-16F7-4668-BE54-9A1E7A4F7556}") = "WebAPI", "WebAPI\WebAPI.csproj", "{7A43ED11-53DC-42F7-9DC9-63943BCFBDEA}"
EndProject
Global
	GlobalSection(SolutionConfigurationPlatforms) = preSolution
		Debug|Any CPU = Debug|Any CPU
		Release|Any CPU = Release|Any CPU
	EndGlobalSection
	GlobalSection(ProjectConfigurationPlatforms) = postSolution
		{FD14DFCD-EF32-43A3-AFFA-BE90AA4BB5E9}.Debug|Any CPU.ActiveCfg = Debug|Any CPU
		{FD14DFCD-EF32-43A3-AFFA-BE90AA4BB5E9}.Debug|Any CPU.Build.0 = Debug|Any CPU
		{FD14DFCD-EF32-43A3-AFFA-BE90AA4BB5E9}.Release|Any CPU.ActiveCfg = Release|Any CPU
		{FD14DFCD-EF32-43A3-AFFA-BE90AA4BB5E9}.Release|Any CPU.Build.0 = Release|Any CPU
		{D996B38B-D965-4EA9-9A47-8AF5AB20EB8F}.Debug|Any CPU.ActiveCfg = Debug|Any CPU
		{D996B38B-D965-4EA9-9A47-8AF5AB20EB8F}.Debug|Any CPU.Build.0 = Debug|Any CPU
		{D996B38B-D965-4EA9-9A47-8AF5AB20EB8F}.Release|Any CPU.ActiveCfg = Release|Any CPU
		{D996B38B-D965-4EA9-9A47-8AF5AB20EB8F}.Release|Any CPU.Build.0 = Release|Any CPU
		{009CC7E2-A187-4604-88BF-9BAF84454858}.Debug|Any CPU.ActiveCfg = Debug|Any CPU
		{009CC7E2-A187-4604-88BF-9BAF84454858}.Debug|Any CPU.Build.0 = Debug|Any CPU
		{009CC7E2-A187-4604-88BF-9BAF84454858}.Release|Any CPU.ActiveCfg = Release|Any CPU
		{009CC7E2-A187-4604-88BF-9BAF84454858}.Release|Any CPU.Build.0 = Release|Any CPU
		{49942324-1CA6-4AF6-8344-C3CEDEE55B7E}.Debug|Any CPU.ActiveCfg = Debug|Any CPU
		{49942324-1CA6-4AF6-8344-C3CEDEE55B7E}.Debug|Any CPU.Build.0 = Debug|Any CPU
		{49942324-1CA6-4AF6-8344-C3CEDEE55B7E}.Release|Any CPU.ActiveCfg = Release|Any CPU
		{49942324-1CA6-4AF6-8344-C3CEDEE55B7E}.Release|Any CPU.Build.0 = Release|Any CPU
		{7A43ED11-53DC-42F7-9DC9-63943BCFBDEA}.Debug|Any CPU.ActiveCfg = Debug|Any CPU
		{7A43ED11-53DC-42F7-9DC9-63943BCFBDEA}.Debug|Any CPU.Build.0 = Debug|Any CPU
		{7A43ED11-53DC-42F7-9DC9-63943BCFBDEA}.Release|Any CPU.ActiveCfg = Release|Any CPU
		{7A43ED11-53DC-42F7-9DC9-63943BCFBDEA}.Release|Any CPU.Build.0 = Release|Any CPU
	EndGlobalSection
	GlobalSection(SolutionProperties) = preSolution
		HideSolutionNode = FALSE
	EndGlobalSection
	GlobalSection(ExtensibilityGlobals) = postSolution
		SolutionGuid = {D30D9880-BDD9-49A6-A2AB-9687AEB64327}
	EndGlobalSection
EndGlobal
